
Microsoft Visual Studio Solution File, Format Version 12.00
# Visual Studio Version 17
VisualStudioVersion = 17.6.33723.286
MinimumVisualStudioVersion = 10.0.40219.1
Project("{FAE04EC0-301F-11D3-BF4B-00C04F79EFBC}") = "TGBot_RssFeed_Polling", "TGBot_RssFeed_Polling.csproj", "{5F272124-3B21-4693-B517-B164501FF25E}"
EndProject
Global
	GlobalSection(SolutionConfigurationPlatforms) = preSolution
		Debug|Any CPU = Debug|Any CPU
		Release|Any CPU = Release|Any CPU
	EndGlobalSection
	GlobalSection(ProjectConfigurationPlatforms) = postSolution
		{5F272124-3B21-4693-B517-B164501FF25E}.Debug|Any CPU.ActiveCfg = Debug|Any CPU
		{5F272124-3B21-4693-B517-B164501FF25E}.Debug|Any CPU.Build.0 = Debug|Any CPU
		{5F272124-3B21-4693-B517-B164501FF25E}.Release|Any CPU.ActiveCfg = Release|Any CPU
		{5F272124-3B21-4693-B517-B164501FF25E}.Release|Any CPU.Build.0 = Release|Any CPU
	EndGlobalSection
	GlobalSection(SolutionProperties) = preSolution
		HideSolutionNode = FALSE
	EndGlobalSection
	GlobalSection(ExtensibilityGlobals) = postSolution
		SolutionGuid = {5C34418D-B0A8-4AEA-8362-1BD8FD92BC83}
	EndGlobalSection
EndGlobal
